
Microsoft Visual Studio Solution File, Format Version 12.00
# Visual Studio Version 17
VisualStudioVersion = 17.11.35327.3
MinimumVisualStudioVersion = 10.0.40219.1
Project("{FAE04EC0-301F-11D3-BF4B-00C04F79EFBC}") = "WebApplication1", "WebApplication1.csproj", "{9B630C99-8A33-4754-ACC6-8EDB7D2B8DE9}"
EndProject
Global
	GlobalSection(SolutionConfigurationPlatforms) = preSolution
		Debug|Any CPU = Debug|Any CPU
		Release|Any CPU = Release|Any CPU
	EndGlobalSection
	GlobalSection(ProjectConfigurationPlatforms) = postSolution
		{9B630C99-8A33-4754-ACC6-8EDB7D2B8DE9}.Debug|Any CPU.ActiveCfg = Debug|Any CPU
		{9B630C99-8A33-4754-ACC6-8EDB7D2B8DE9}.Debug|Any CPU.Build.0 = Debug|Any CPU
		{9B630C99-8A33-4754-ACC6-8EDB7D2B8DE9}.Release|Any CPU.ActiveCfg = Release|Any CPU
		{9B630C99-8A33-4754-ACC6-8EDB7D2B8DE9}.Release|Any CPU.Build.0 = Release|Any CPU
	EndGlobalSection
	GlobalSection(SolutionProperties) = preSolution
		HideSolutionNode = FALSE
	EndGlobalSection
	GlobalSection(ExtensibilityGlobals) = postSolution
		SolutionGuid = {DEE0AC59-2C33-4AD1-9B4D-BF6199EE152B}
	EndGlobalSection
EndGlobal
